// !$*UTF8*$!
{
	archiveVersion = 1;
	classes = {
	};
	objectVersion = 46;
	objects = {

/* Begin PBXBuildFile section */
		66F60A011CE4A14700DF26D2 /* main.c in Sources */ = {isa = PBXBuildFile; fileRef = 66F60A001CE4A14700DF26D2 /* main.c */; };
		66F60A091CE4A37F00DF26D2 /* lenet.c in Sources */ = {isa = PBXBuildFile; fileRef = 66F60A071CE4A37F00DF26D2 /* lenet.c */; settings = {ASSET_TAGS = (); }; };
/* End PBXBuildFile section */

/* Begin PBXCopyFilesBuildPhase section */
		66F609FB1CE4A14700DF26D2 /* CopyFiles */ = {
			isa = PBXCopyFilesBuildPhase;
			buildActionMask = 2147483647;
			dstPath = /usr/share/man/man1/;
			dstSubfolderSpec = 0;
			files = (
			);
			runOnlyForDeploymentPostprocessing = 1;
		};
/* End PBXCopyFilesBuildPhase section */

/* Begin PBXFileReference section */
		66F609FD1CE4A14700DF26D2 /* LeNet-5 */ = {isa = PBXFileReference; explicitFileType = "compiled.mach-o.executable"; includeInIndex = 0; path = "LeNet-5"; sourceTree = BUILT_PRODUCTS_DIR; };
		66F60A001CE4A14700DF26D2 /* main.c */ = {isa = PBXFileReference; lastKnownFileType = sourcecode.c.c; path = main.c; sourceTree = "<group>"; };
		66F60A071CE4A37F00DF26D2 /* lenet.c */ = {isa = PBXFileReference; fileEncoding = 4; lastKnownFileType = sourcecode.c.c; path = lenet.c; sourceTree = "<group>"; };
		66F60A081CE4A37F00DF26D2 /* lenet.h */ = {isa = PBXFileReference; fileEncoding = 4; lastKnownFileType = sourcecode.c.h; path = lenet.h; sourceTree = "<group>"; };
/* End PBXFileReference section */

/* Begin PBXFrameworksBuildPhase section */
		66F609FA1CE4A14700DF26D2 /* Frameworks */ = {
			isa = PBXFrameworksBuildPhase;
			buildActionMask = 2147483647;
			files = (
			);
			runOnlyForDeploymentPostprocessing = 0;
		};
/* End PBXFrameworksBuildPhase section */

/* Begin PBXGroup section */
		66F609F41CE4A14700DF26D2 = {
			isa = PBXGroup;
			children = (
				66F609FF1CE4A14700DF26D2 /* LeNet-5 */,
				66F609FE1CE4A14700DF26D2 /* Products */,
			);
			sourceTree = "<group>";
		};
		66F609FE1CE4A14700DF26D2 /* Products */ = {
			isa = PBXGroup;
			children = (
				66F609FD1CE4A14700DF26D2 /* LeNet-5 */,
			);
			name = Products;
			sourceTree = "<group>";
		};
		66F609FF1CE4A14700DF26D2 /* LeNet-5 */ = {
			isa = PBXGroup;
			children = (
				66F60A071CE4A37F00DF26D2 /* lenet.c */,
				66F60A081CE4A37F00DF26D2 /* lenet.h */,
				66F60A001CE4A14700DF26D2 /* main.c */,
			);
			path = "LeNet-5";
			sourceTree = "<group>";
		};
/* End PBXGroup section */

/* Begin PBXNativeTarget section */
		66F609FC1CE4A14700DF26D2 /* LeNet-5 */ = {
			isa = PBXNativeTarget;
			buildConfigurationList = 66F60A041CE4A14700DF26D2 /* Build configuration list for PBXNativeTarget "LeNet-5" */;
			buildPhases = (
				66F609F91CE4A14700DF26D2 /* Sources */,
				66F609FA1CE4A14700DF26D2 /* Frameworks */,
				66F609FB1CE4A14700DF26D2 /* CopyFiles */,
			);
			buildRules = (
			);
			dependencies = (
			);
			name = "LeNet-5";
			productName = "LeNet-5";
			productReference = 66F609FD1CE4A14700DF26D2 /* LeNet-5 */;
			productType = "com.apple.product-type.tool";
		};
/* End PBXNativeTarget section */

/* Begin PBXProject section */
		66F609F51CE4A14700DF26D2 /* Project object */ = {
			isa = PBXProject;
			attributes = {
				LastUpgradeCheck = 0700;
				ORGANIZATIONNAME = "Fan Wen Jie";
				TargetAttributes = {
					66F609FC1CE4A14700DF26D2 = {
						CreatedOnToolsVersion = 7.0.1;
					};
				};
			};
			buildConfigurationList = 66F609F81CE4A14700DF26D2 /* Build configuration list for PBXProject "LeNet-5" */;
			compatibilityVersion = "Xcode 3.2";
			developmentRegion = English;
			hasScannedForEncodings = 0;
			knownRegions = (
				en,
			);
			mainGroup = 66F609F41CE4A14700DF26D2;
			productRefGroup = 66F609FE1CE4A14700DF26D2 /* Products */;
			projectDirPath = "";
			projectRoot = "";
			targets = (
				66F609FC1CE4A14700DF26D2 /* LeNet-5 */,
			);
		};
/* End PBXProject section */

/* Begin PBXSourcesBuildPhase section */
		66F609F91CE4A14700DF26D2 /* Sources */ = {
			isa = PBXSourcesBuildPhase;
			buildActionMask = 2147483647;
			files = (
				66F60A091CE4A37F00DF26D2 /* lenet.c in Sources */,
				66F60A011CE4A14700DF26D2 /* main.c in Sources */,
			);
			runOnlyForDeploymentPostprocessing = 0;
		};
/* End PBXSourcesBuildPhase section */

/* Begin XCBuildConfiguration section */
		66F60A021CE4A14700DF26D2 /* Debug */ = {
			isa = XCBuildConfiguration;
			buildSettings = {
				ALWAYS_SEARCH_USER_PATHS = NO;
				CLANG_CXX_LANGUAGE_STANDARD = "gnu++0x";
				CLANG_CXX_LIBRARY = "libc++";
				CLANG_ENABLE_MODULES = YES;
				CLANG_ENABLE_OBJC_ARC = YES;
				CLANG_WARN_BOOL_CONVERSION = YES;
				CLANG_WARN_CONSTANT_CONVERSION = YES;
				CLANG_WARN_DIRECT_OBJC_ISA_USAGE = YES_ERROR;
				CLANG_WARN_EMPTY_BODY = YES;
				CLANG_WARN_ENUM_CONVERSION = YES;
				CLANG_WARN_INT_CONVERSION = YES;
				CLANG_WARN_OBJC_ROOT_CLASS = YES_ERROR;
				CLANG_WARN_UNREACHABLE_CODE = YES;
				CLANG_WARN__DUPLICATE_METHOD_MATCH = YES;
				COPY_PHASE_STRIP = NO;
				DEBUG_INFORMATION_FORMAT = dwarf;
				ENABLE_STRICT_OBJC_MSGSEND = YES;
				ENABLE_TESTABILITY = YES;
				GCC_C_LANGUAGE_STANDARD = gnu99;
				GCC_DYNAMIC_NO_PIC = NO;
				GCC_NO_COMMON_BLOCKS = YES;
				GCC_OPTIMIZATION_LEVEL = 0;
				GCC_PREPROCESSOR_DEFINITIONS = (
					"DEBUG=1",
					"$(inherited)",
				);
				GCC_WARN_64_TO_32_BIT_CONVERSION = YES;
				GCC_WARN_ABOUT_RETURN_TYPE = YES_ERROR;
				GCC_WARN_UNDECLARED_SELECTOR = YES;
				GCC_WARN_UNINITIALIZED_AUTOS = YES_AGGRESSIVE;
				GCC_WARN_UNUSED_FUNCTION = YES;
				GCC_WARN_UNUSED_VARIABLE = YES;
				MACOSX_DEPLOYMENT_TARGET = 10.11;
				MTL_ENABLE_DEBUG_INFO = YES;
				ONLY_ACTIVE_ARCH = YES;
				SDKROOT = macosx;
			};
			name = Debug;
		};
		66F60A031CE4A14700DF26D2 /* Release */ = {
			isa = XCBuildConfiguration;
			buildSettings = {
				ALWAYS_SEARCH_USER_PATHS = NO;
				CLANG_CXX_LANGUAGE_STANDARD = "gnu++0x";
				CLANG_CXX_LIBRARY = "libc++";
				CLANG_ENABLE_MODULES = YES;
				CLANG_ENABLE_OBJC_ARC = YES;
				CLANG_WARN_BOOL_CONVERSION = YES;
				CLANG_WARN_CONSTANT_CONVERSION = YES;
				CLANG_WARN_DIRECT_OBJC_ISA_USAGE = YES_ERROR;
				CLANG_WARN_EMPTY_BODY = YES;
				CLANG_WARN_ENUM_CONVERSION = YES;
				CLANG_WARN_INT_CONVERSION = YES;
				CLANG_WARN_OBJC_ROOT_CLASS = YES_ERROR;
				CLANG_WARN_UNREACHABLE_CODE = YES;
				CLANG_WARN__DUPLICATE_METHOD_MATCH = YES;
				COPY_PHASE_STRIP = NO;
				DEBUG_INFORMATION_FORMAT = "dwarf-with-dsym";
				ENABLE_NS_ASSERTIONS = NO;
				ENABLE_STRICT_OBJC_MSGSEND = YES;
				GCC_C_LANGUAGE_STANDARD = gnu99;
				GCC_NO_COMMON_BLOCKS = YES;
				GCC_WARN_64_TO_32_BIT_CONVERSION = YES;
				GCC_WARN_ABOUT_RETURN_TYPE = YES_ERROR;
				GCC_WARN_UNDECLARED_SELECTOR = YES;
				GCC_WARN_UNINITIALIZED_AUTOS = YES_AGGRESSIVE;
				GCC_WARN_UNUSED_FUNCTION = YES;
				GCC_WARN_UNUSED_VARIABLE = YES;
				MACOSX_DEPLOYMENT_TARGET = 10.11;
				MTL_ENABLE_DEBUG_INFO = NO;
				SDKROOT = macosx;
			};
			name = Release;
		};
		66F60A051CE4A14700DF26D2 /* Debug */ = {
			isa = XCBuildConfiguration;
			buildSettings = {
				BUILD_VARIANTS = (
					normal,
					"-fopenmp",
				);
				PRODUCT_NAME = "$(TARGET_NAME)";
			};
			name = Debug;
		};
		66F60A061CE4A14700DF26D2 /* Release */ = {
			isa = XCBuildConfiguration;
			buildSettings = {
				BUILD_VARIANTS = (
					normal,
					"-fopenmp",
				);
				PRODUCT_NAME = "$(TARGET_NAME)";
			};
			name = Release;
		};
/* End XCBuildConfiguration section */

/* Begin XCConfigurationList section */
		66F609F81CE4A14700DF26D2 /* Build configuration list for PBXProject "LeNet-5" */ = {
			isa = XCConfigurationList;
			buildConfigurations = (
				66F60A021CE4A14700DF26D2 /* Debug */,
				66F60A031CE4A14700DF26D2 /* Release */,
			);
			defaultConfigurationIsVisible = 0;
			defaultConfigurationName = Release;
		};
		66F60A041CE4A14700DF26D2 /* Build configuration list for PBXNativeTarget "LeNet-5" */ = {
			isa = XCConfigurationList;
			buildConfigurations = (
				66F60A051CE4A14700DF26D2 /* Debug */,
				66F60A061CE4A14700DF26D2 /* Release */,
			);
			defaultConfigurationIsVisible = 0;
			defaultConfigurationName = Release;
		};
/* End XCConfigurationList section */
	};
	rootObject = 66F609F51CE4A14700DF26D2 /* Project object */;
}
